// !$*UTF8*$!
{
	archiveVersion = 1;
	classes = {
	};
	objectVersion = 48;
	objects = {

/* Begin PBXBuildFile section */
		D55874041FB98E9B002F47A9 /* AppDelegate.swift in Sources */ = {isa = PBXBuildFile; fileRef = D55874031FB98E9B002F47A9 /* AppDelegate.swift */; };
		D55874061FB98E9B002F47A9 /* ViewController.swift in Sources */ = {isa = PBXBuildFile; fileRef = D55874051FB98E9B002F47A9 /* ViewController.swift */; };
		D55874091FB98E9C002F47A9 /* Main.storyboard in Resources */ = {isa = PBXBuildFile; fileRef = D55874071FB98E9C002F47A9 /* Main.storyboard */; };
		D558740B1FB98E9D002F47A9 /* Assets.xcassets in Resources */ = {isa = PBXBuildFile; fileRef = D558740A1FB98E9D002F47A9 /* Assets.xcassets */; };
		D558740E1FB98E9D002F47A9 /* LaunchScreen.storyboard in Resources */ = {isa = PBXBuildFile; fileRef = D558740C1FB98E9D002F47A9 /* LaunchScreen.storyboard */; };
/* End PBXBuildFile section */

/* Begin PBXFileReference section */
		D55874001FB98E9B002F47A9 /* Slide and swicth.app */ = {isa = PBXFileReference; explicitFileType = wrapper.application; includeInIndex = 0; path = "Slide and swicth.app"; sourceTree = BUILT_PRODUCTS_DIR; };
		D55874031FB98E9B002F47A9 /* AppDelegate.swift */ = {isa = PBXFileReference; lastKnownFileType = sourcecode.swift; path = AppDelegate.swift; sourceTree = "<group>"; };
		D55874051FB98E9B002F47A9 /* ViewController.swift */ = {isa = PBXFileReference; lastKnownFileType = sourcecode.swift; path = ViewController.swift; sourceTree = "<group>"; };
		D55874081FB98E9C002F47A9 /* Base */ = {isa = PBXFileReference; lastKnownFileType = file.storyboard; name = Base; path = Base.lproj/Main.storyboard; sourceTree = "<group>"; };
		D558740A1FB98E9D002F47A9 /* Assets.xcassets */ = {isa = PBXFileReference; lastKnownFileType = folder.assetcatalog; path = Assets.xcassets; sourceTree = "<group>"; };
		D558740D1FB98E9D002F47A9 /* Base */ = {isa = PBXFileReference; lastKnownFileType = file.storyboard; name = Base; path = Base.lproj/LaunchScreen.storyboard; sourceTree = "<group>"; };
		D558740F1FB98E9E002F47A9 /* Info.plist */ = {isa = PBXFileReference; lastKnownFileType = text.plist.xml; path = Info.plist; sourceTree = "<group>"; };
/* End PBXFileReference section */

/* Begin PBXFrameworksBuildPhase section */
		D55873FD1FB98E9B002F47A9 /* Frameworks */ = {
			isa = PBXFrameworksBuildPhase;
			buildActionMask = 2147483647;
			files = (
			);
			runOnlyForDeploymentPostprocessing = 0;
		};
/* End PBXFrameworksBuildPhase section */

/* Begin PBXGroup section */
		D55873F71FB98E9A002F47A9 = {
			isa = PBXGroup;
			children = (
				D55874021FB98E9B002F47A9 /* Slide and swicth */,
				D55874011FB98E9B002F47A9 /* Products */,
			);
			sourceTree = "<group>";
		};
		D55874011FB98E9B002F47A9 /* Products */ = {
			isa = PBXGroup;
			children = (
				D55874001FB98E9B002F47A9 /* Slide and swicth.app */,
			);
			name = Products;
			sourceTree = "<group>";
		};
		D55874021FB98E9B002F47A9 /* Slide and swicth */ = {
			isa = PBXGroup;
			children = (
				D55874031FB98E9B002F47A9 /* AppDelegate.swift */,
				D55874051FB98E9B002F47A9 /* ViewController.swift */,
				D55874071FB98E9C002F47A9 /* Main.storyboard */,
				D558740A1FB98E9D002F47A9 /* Assets.xcassets */,
				D558740C1FB98E9D002F47A9 /* LaunchScreen.storyboard */,
				D558740F1FB98E9E002F47A9 /* Info.plist */,
			);
			path = "Slide and swicth";
			sourceTree = "<group>";
		};
/* End PBXGroup section */

/* Begin PBXNativeTarget section */
		D55873FF1FB98E9B002F47A9 /* Slide and swicth */ = {
			isa = PBXNativeTarget;
			buildConfigurationList = D55874121FB98E9E002F47A9 /* Build configuration list for PBXNativeTarget "Slide and swicth" */;
			buildPhases = (
				D55873FC1FB98E9B002F47A9 /* Sources */,
				D55873FD1FB98E9B002F47A9 /* Frameworks */,
				D55873FE1FB98E9B002F47A9 /* Resources */,
			);
			buildRules = (
			);
			dependencies = (
			);
			name = "Slide and swicth";
			productName = "Slide and swicth";
			productReference = D55874001FB98E9B002F47A9 /* Slide and swicth.app */;
			productType = "com.apple.product-type.application";
		};
/* End PBXNativeTarget section */

/* Begin PBXProject section */
		D55873F81FB98E9A002F47A9 /* Project object */ = {
			isa = PBXProject;
			attributes = {
				LastSwiftUpdateCheck = 0910;
				LastUpgradeCheck = 0910;
				ORGANIZATIONNAME = ada_yc;
				TargetAttributes = {
					D55873FF1FB98E9B002F47A9 = {
						CreatedOnToolsVersion = 9.1;
						ProvisioningStyle = Automatic;
					};
				};
			};
			buildConfigurationList = D55873FB1FB98E9A002F47A9 /* Build configuration list for PBXProject "Slide and swicth" */;
			compatibilityVersion = "Xcode 8.0";
			developmentRegion = en;
			hasScannedForEncodings = 0;
			knownRegions = (
				en,
				Base,
			);
			mainGroup = D55873F71FB98E9A002F47A9;
			productRefGroup = D55874011FB98E9B002F47A9 /* Products */;
			projectDirPath = "";
			projectRoot = "";
			targets = (
				D55873FF1FB98E9B002F47A9 /* Slide and swicth */,
			);
		};
/* End PBXProject section */

/* Begin PBXResourcesBuildPhase section */
		D55873FE1FB98E9B002F47A9 /* Resources */ = {
			isa = PBXResourcesBuildPhase;
			buildActionMask = 2147483647;
			files = (
				D558740E1FB98E9D002F47A9 /* LaunchScreen.storyboard in Resources */,
				D558740B1FB98E9D002F47A9 /* Assets.xcassets in Resources */,
				D55874091FB98E9C002F47A9 /* Main.storyboard in Resources */,
			);
			runOnlyForDeploymentPostprocessing = 0;
		};
/* End PBXResourcesBuildPhase section */

/* Begin PBXSourcesBuildPhase section */
		D55873FC1FB98E9B002F47A9 /* Sources */ = {
			isa = PBXSourcesBuildPhase;
			buildActionMask = 2147483647;
			files = (
				D55874061FB98E9B002F47A9 /* ViewController.swift in Sources */,
				D55874041FB98E9B002F47A9 /* AppDelegate.swift in Sources */,
			);
			runOnlyForDeploymentPostprocessing = 0;
		};
/* End PBXSourcesBuildPhase section */

/* Begin PBXVariantGroup section */
		D55874071FB98E9C002F47A9 /* Main.storyboard */ = {
			isa = PBXVariantGroup;
			children = (
				D55874081FB98E9C002F47A9 /* Base */,
			);
			name = Main.storyboard;
			sourceTree = "<group>";
		};
		D558740C1FB98E9D002F47A9 /* LaunchScreen.storyboard */ = {
			isa = PBXVariantGroup;
			children = (
				D558740D1FB98E9D002F47A9 /* Base */,
			);
			name = LaunchScreen.storyboard;
			sourceTree = "<group>";
		};
/* End PBXVariantGroup section */

/* Begin XCBuildConfiguration section */
		D55874101FB98E9E002F47A9 /* Debug */ = {
			isa = XCBuildConfiguration;
			buildSettings = {
				ALWAYS_SEARCH_USER_PATHS = NO;
				CLANG_ANALYZER_NONNULL = YES;
				CLANG_ANALYZER_NUMBER_OBJECT_CONVERSION = YES_AGGRESSIVE;
				CLANG_CXX_LANGUAGE_STANDARD = "gnu++14";
				CLANG_CXX_LIBRARY = "libc++";
				CLANG_ENABLE_MODULES = YES;
				CLANG_ENABLE_OBJC_ARC = YES;
				CLANG_WARN_BLOCK_CAPTURE_AUTORELEASING = YES;
				CLANG_WARN_BOOL_CONVERSION = YES;
				CLANG_WARN_COMMA = YES;
				CLANG_WARN_CONSTANT_CONVERSION = YES;
				CLANG_WARN_DIRECT_OBJC_ISA_USAGE = YES_ERROR;
				CLANG_WARN_DOCUMENTATION_COMMENTS = YES;
				CLANG_WARN_EMPTY_BODY = YES;
				CLANG_WARN_ENUM_CONVERSION = YES;
				CLANG_WARN_INFINITE_RECURSION = YES;
				CLANG_WARN_INT_CONVERSION = YES;
				CLANG_WARN_NON_LITERAL_NULL_CONVERSION = YES;
				CLANG_WARN_OBJC_LITERAL_CONVERSION = YES;
				CLANG_WARN_OBJC_ROOT_CLASS = YES_ERROR;
				CLANG_WARN_RANGE_LOOP_ANALYSIS = YES;
				CLANG_WARN_STRICT_PROTOTYPES = YES;
				CLANG_WARN_SUSPICIOUS_MOVE = YES;
				CLANG_WARN_UNGUARDED_AVAILABILITY = YES_AGGRESSIVE;
				CLANG_WARN_UNREACHABLE_CODE = YES;
				CLANG_WARN__DUPLICATE_METHOD_MATCH = YES;
				CODE_SIGN_IDENTITY = "iPhone Developer";
				COPY_PHASE_STRIP = NO;
				DEBUG_INFORMATION_FORMAT = dwarf;
				ENABLE_STRICT_OBJC_MSGSEND = YES;
				ENABLE_TESTABILITY = YES;
				GCC_C_LANGUAGE_STANDARD = gnu11;
				GCC_DYNAMIC_NO_PIC = NO;
				GCC_NO_COMMON_BLOCKS = YES;
				GCC_OPTIMIZATION_LEVEL = 0;
				GCC_PREPROCESSOR_DEFINITIONS = (
					"DEBUG=1",
					"$(inherited)",
				);
				GCC_WARN_64_TO_32_BIT_CONVERSION = YES;
				GCC_WARN_ABOUT_RETURN_TYPE = YES_ERROR;
				GCC_WARN_UNDECLARED_SELECTOR = YES;
				GCC_WARN_UNINITIALIZED_AUTOS = YES_AGGRESSIVE;
				GCC_WARN_UNUSED_FUNCTION = YES;
				GCC_WARN_UNUSED_VARIABLE = YES;
				IPHONEOS_DEPLOYMENT_TARGET = 11.1;
				MTL_ENABLE_DEBUG_INFO = YES;
				ONLY_ACTIVE_ARCH = YES;
				SDKROOT = iphoneos;
				SWIFT_ACTIVE_COMPILATION_CONDITIONS = DEBUG;
				SWIFT_OPTIMIZATION_LEVEL = "-Onone";
			};
			name = Debug;
		};
		D55874111FB98E9E002F47A9 /* Release */ = {
			isa = XCBuildConfiguration;
			buildSettings = {
				ALWAYS_SEARCH_USER_PATHS = NO;
				CLANG_ANALYZER_NONNULL = YES;
				CLANG_ANALYZER_NUMBER_OBJECT_CONVERSION = YES_AGGRESSIVE;
				CLANG_CXX_LANGUAGE_STANDARD = "gnu++14";
				CLANG_CXX_LIBRARY = "libc++";
				CLANG_ENABLE_MODULES = YES;
				CLANG_ENABLE_OBJC_ARC = YES;
				CLANG_WARN_BLOCK_CAPTURE_AUTORELEASING = YES;
				CLANG_WARN_BOOL_CONVERSION = YES;
				CLANG_WARN_COMMA = YES;
				CLANG_WARN_CONSTANT_CONVERSION = YES;
				CLANG_WARN_DIRECT_OBJC_ISA_USAGE = YES_ERROR;
				CLANG_WARN_DOCUMENTATION_COMMENTS = YES;
				CLANG_WARN_EMPTY_BODY = YES;
				CLANG_WARN_ENUM_CONVERSION = YES;
				CLANG_WARN_INFINITE_RECURSION = YES;
				CLANG_WARN_INT_CONVERSION = YES;
				CLANG_WARN_NON_LITERAL_NULL_CONVERSION = YES;
				CLANG_WARN_OBJC_LITERAL_CONVERSION = YES;
				CLANG_WARN_OBJC_ROOT_CLASS = YES_ERROR;
				CLANG_WARN_RANGE_LOOP_ANALYSIS = YES;
				CLANG_WARN_STRICT_PROTOTYPES = YES;
				CLANG_WARN_SUSPICIOUS_MOVE = YES;
				CLANG_WARN_UNGUARDED_AVAILABILITY = YES_AGGRESSIVE;
				CLANG_WARN_UNREACHABLE_CODE = YES;
				CLANG_WARN__DUPLICATE_METHOD_MATCH = YES;
				CODE_SIGN_IDENTITY = "iPhone Developer";
				COPY_PHASE_STRIP = NO;
				DEBUG_INFORMATION_FORMAT = "dwarf-with-dsym";
				ENABLE_NS_ASSERTIONS = NO;
				ENABLE_STRICT_OBJC_MSGSEND = YES;
				GCC_C_LANGUAGE_STANDARD = gnu11;
				GCC_NO_COMMON_BLOCKS = YES;
				GCC_WARN_64_TO_32_BIT_CONVERSION = YES;
				GCC_WARN_ABOUT_RETURN_TYPE = YES_ERROR;
				GCC_WARN_UNDECLARED_SELECTOR = YES;
				GCC_WARN_UNINITIALIZED_AUTOS = YES_AGGRESSIVE;
				GCC_WARN_UNUSED_FUNCTION = YES;
				GCC_WARN_UNUSED_VARIABLE = YES;
				IPHONEOS_DEPLOYMENT_TARGET = 11.1;
				MTL_ENABLE_DEBUG_INFO = NO;
				SDKROOT = iphoneos;
				SWIFT_OPTIMIZATION_LEVEL = "-Owholemodule";
				VALIDATE_PRODUCT = YES;
			};
			name = Release;
		};
		D55874131FB98E9E002F47A9 /* Debug */ = {
			isa = XCBuildConfiguration;
			buildSettings = {
				ASSETCATALOG_COMPILER_APPICON_NAME = AppIcon;
				CODE_SIGN_STYLE = Automatic;
				INFOPLIST_FILE = "Slide and swicth/Info.plist";
				LD_RUNPATH_SEARCH_PATHS = "$(inherited) @executable_path/Frameworks";
				PRODUCT_BUNDLE_IDENTIFIER = "com.yc.Slide-and-swicth";
				PRODUCT_NAME = "$(TARGET_NAME)";
				SWIFT_VERSION = 4.0;
				TARGETED_DEVICE_FAMILY = "1,2";
			};
			name = Debug;
		};
		D55874141FB98E9E002F47A9 /* Release */ = {
			isa = XCBuildConfiguration;
			buildSettings = {
				ASSETCATALOG_COMPILER_APPICON_NAME = AppIcon;
				CODE_SIGN_STYLE = Automatic;
				INFOPLIST_FILE = "Slide and swicth/Info.plist";
				LD_RUNPATH_SEARCH_PATHS = "$(inherited) @executable_path/Frameworks";
				PRODUCT_BUNDLE_IDENTIFIER = "com.yc.Slide-and-swicth";
				PRODUCT_NAME = "$(TARGET_NAME)";
				SWIFT_VERSION = 4.0;
				TARGETED_DEVICE_FAMILY = "1,2";
			};
			name = Release;
		};
/* End XCBuildConfiguration section */

/* Begin XCConfigurationList section */
		D55873FB1FB98E9A002F47A9 /* Build configuration list for PBXProject "Slide and swicth" */ = {
			isa = XCConfigurationList;
			buildConfigurations = (
				D55874101FB98E9E002F47A9 /* Debug */,
				D55874111FB98E9E002F47A9 /* Release */,
			);
			defaultConfigurationIsVisible = 0;
			defaultConfigurationName = Release;
		};
		D55874121FB98E9E002F47A9 /* Build configuration list for PBXNativeTarget "Slide and swicth" */ = {
			isa = XCConfigurationList;
			buildConfigurations = (
				D55874131FB98E9E002F47A9 /* Debug */,
				D55874141FB98E9E002F47A9 /* Release */,
			);
			defaultConfigurationIsVisible = 0;
			defaultConfigurationName = Release;
		};
/* End XCConfigurationList section */
	};
	rootObject = D55873F81FB98E9A002F47A9 /* Project object */;
}
